{
  "version": 4,
  "terraform_version": "1.3.7",
  "serial": 3,
  "lineage": "92aeaedc-6b94-df79-e0a7-db43e15f2250",
  "outputs": {},
  "resources": [
    {
      "module": "module.scrpting_api",
      "mode": "managed",
      "type": "newrelic_synthetics_script_monitor",
      "name": "monitor",
      "provider": "provider[\"registry.terraform.io/newrelic/newrelic\"]",
      "instances": [
        {
          "index_key": "sm1",
          "schema_version": 0,
          "attributes": {
            "account_id": 4003058,
            "device_orientation": null,
            "device_type": null,
            "enable_screenshot_on_failure_and_script": null,
            "guid": "NDAwMzA1OHxTWU5USHxNT05JVE9SfGRjN2Y2N2FkLTgyY2YtNGYyZS1iMjU3LTdhZGY5MWY1OGQwNA",
            "id": "NDAwMzA1OHxTWU5USHxNT05JVE9SfGRjN2Y2N2FkLTgyY2YtNGYyZS1iMjU3LTdhZGY5MWY1OGQwNA",
            "location_private": [],
            "locations_public": [
              "AP_EAST_1",
              "AP_SOUTH_1"
            ],
            "name": "script_monitor_1",
            "period": "EVERY_6_HOURS",
            "period_in_minutes": 360,
            "runtime_type": "NODE_API",
            "runtime_type_version": "16.10",
            "script": "",
            "script_language": "JAVASCRIPT",
            "status": "ENABLED",
            "tag": [
              {
                "key": "some_key",
                "values": [
                  "some_value"
                ]
              }
            ],
            "type": "SCRIPT_API"
          },
          "sensitive_attributes": [],
          "private": "bnVsbA=="
        },
        {
          "index_key": "sm2",
          "schema_version": 0,
          "attributes": {
            "account_id": 4003058,
            "device_orientation": null,
            "device_type": null,
            "enable_screenshot_on_failure_and_script": null,
            "guid": "NDAwMzA1OHxTWU5USHxNT05JVE9SfGM3YTk3NTY3LTNlYzAtNGFmZC1iZTFiLWE2Mzc3YWRkMGMxZA",
            "id": "NDAwMzA1OHxTWU5USHxNT05JVE9SfGM3YTk3NTY3LTNlYzAtNGFmZC1iZTFiLWE2Mzc3YWRkMGMxZA",
            "location_private": [],
            "locations_public": [
              "AP_EAST_1",
              "AP_SOUTH_1"
            ],
            "name": "script_monitor_2",
            "period": "EVERY_6_HOURS",
            "period_in_minutes": 360,
            "runtime_type": "CHROME_BROWSER",
            "runtime_type_version": "100",
            "script": "",
            "script_language": "JAVASCRIPT",
            "status": "ENABLED",
            "tag": [
              {
                "key": "some_key",
                "values": [
                  "some_value"
                ]
              }
            ],
            "type": "SCRIPT_BROWSER"
          },
          "sensitive_attributes": [],
          "private": "bnVsbA=="
        }
      ]
    }
  ],
  "check_results": null
}
